// !$*UTF8*$!
{
	archiveVersion = 1;
	classes = {
	};
	objectVersion = 56;
	objects = {

/* Begin PBXBuildFile section */
		86FA321FC5984E57C91EFAB7 /* Pods_YoutubeClone.framework in Frameworks */ = {isa = PBXBuildFile; fileRef = 89737994FED21A2974E0026B /* Pods_YoutubeClone.framework */; };
		D853225B2CCAE71700948900 /* AppDelegate.swift in Sources */ = {isa = PBXBuildFile; fileRef = D853225A2CCAE71700948900 /* AppDelegate.swift */; };
		D853225D2CCAE71700948900 /* SceneDelegate.swift in Sources */ = {isa = PBXBuildFile; fileRef = D853225C2CCAE71700948900 /* SceneDelegate.swift */; };
		D853225F2CCAE71700948900 /* ViewController.swift in Sources */ = {isa = PBXBuildFile; fileRef = D853225E2CCAE71700948900 /* ViewController.swift */; };
		D85322622CCAE71700948900 /* Main.storyboard in Resources */ = {isa = PBXBuildFile; fileRef = D85322602CCAE71700948900 /* Main.storyboard */; };
		D85322642CCAE71700948900 /* Assets.xcassets in Resources */ = {isa = PBXBuildFile; fileRef = D85322632CCAE71700948900 /* Assets.xcassets */; };
		D85322672CCAE71700948900 /* LaunchScreen.storyboard in Resources */ = {isa = PBXBuildFile; fileRef = D85322652CCAE71700948900 /* LaunchScreen.storyboard */; };
		D86FBA952CCC657E00758FB5 /* ServiceLayer.swift in Sources */ = {isa = PBXBuildFile; fileRef = D86FBA942CCC657E00758FB5 /* ServiceLayer.swift */; };
		D86FBA972CCC659300758FB5 /* NetworkError.swift in Sources */ = {isa = PBXBuildFile; fileRef = D86FBA962CCC659300758FB5 /* NetworkError.swift */; };
		D86FBA992CCC65AD00758FB5 /* RequestModel.swift in Sources */ = {isa = PBXBuildFile; fileRef = D86FBA982CCC65AD00758FB5 /* RequestModel.swift */; };
		D86FBA9C2CCC6EDC00758FB5 /* Constants.swift in Sources */ = {isa = PBXBuildFile; fileRef = D86FBA9B2CCC6EDC00758FB5 /* Constants.swift */; };
		D86FBAA22CCC78E100758FB5 /* HomeProvider.swift in Sources */ = {isa = PBXBuildFile; fileRef = D86FBAA12CCC78E100758FB5 /* HomeProvider.swift */; };
		D86FBAA42CCC849400758FB5 /* HomePresenter.swift in Sources */ = {isa = PBXBuildFile; fileRef = D86FBAA32CCC849400758FB5 /* HomePresenter.swift */; };
		D87F5F082CF129C600C48A1F /* SectionTitleView.swift in Sources */ = {isa = PBXBuildFile; fileRef = D87F5F072CF129C600C48A1F /* SectionTitleView.swift */; };
		D87F5F0C2CF14BA200C48A1F /* BottomSheetViewController.swift in Sources */ = {isa = PBXBuildFile; fileRef = D87F5F0A2CF14BA200C48A1F /* BottomSheetViewController.swift */; };
		D87F5F0D2CF14BA200C48A1F /* BottomSheetViewController.xib in Resources */ = {isa = PBXBuildFile; fileRef = D87F5F0B2CF14BA200C48A1F /* BottomSheetViewController.xib */; };
		D88012142CF6C89E0028B8C0 /* VideosProvider.swift in Sources */ = {isa = PBXBuildFile; fileRef = D88012132CF6C89E0028B8C0 /* VideosProvider.swift */; };
		D88012162CF6C8AC0028B8C0 /* VideosPresenter.swift in Sources */ = {isa = PBXBuildFile; fileRef = D88012152CF6C8AC0028B8C0 /* VideosPresenter.swift */; };
		D883C53E2CCBE4ED0064E51A /* VideoModel.swift in Sources */ = {isa = PBXBuildFile; fileRef = D883C53D2CCBE4ED0064E51A /* VideoModel.swift */; };
		D883C5402CCBFEF90064E51A /* ChannelModel.swift in Sources */ = {isa = PBXBuildFile; fileRef = D883C53F2CCBFEF90064E51A /* ChannelModel.swift */; };
		D883C5422CCBFF7C0064E51A /* PlaylistItemModel.swift in Sources */ = {isa = PBXBuildFile; fileRef = D883C5412CCBFF7C0064E51A /* PlaylistItemModel.swift */; };
		D883C5452CCC04220064E51A /* RootPageViewController.swift in Sources */ = {isa = PBXBuildFile; fileRef = D883C5442CCC04220064E51A /* RootPageViewController.swift */; };
		D883C5472CCC04420064E51A /* MainViewController.swift in Sources */ = {isa = PBXBuildFile; fileRef = D883C5462CCC04420064E51A /* MainViewController.swift */; };
		D883C54F2CCC09710064E51A /* HomeViewController.swift in Sources */ = {isa = PBXBuildFile; fileRef = D883C54D2CCC09710064E51A /* HomeViewController.swift */; };
		D883C5502CCC09710064E51A /* HomeViewController.xib in Resources */ = {isa = PBXBuildFile; fileRef = D883C54E2CCC09710064E51A /* HomeViewController.xib */; };
		D883C5532CCC18540064E51A /* VideosViewController.swift in Sources */ = {isa = PBXBuildFile; fileRef = D883C5512CCC18540064E51A /* VideosViewController.swift */; };
		D883C5542CCC18540064E51A /* VideosViewController.xib in Resources */ = {isa = PBXBuildFile; fileRef = D883C5522CCC18540064E51A /* VideosViewController.xib */; };
		D883C5572CCC18670064E51A /* PlaylistsViewController.swift in Sources */ = {isa = PBXBuildFile; fileRef = D883C5552CCC18670064E51A /* PlaylistsViewController.swift */; };
		D883C5582CCC18670064E51A /* PlaylistsViewController.xib in Resources */ = {isa = PBXBuildFile; fileRef = D883C5562CCC18670064E51A /* PlaylistsViewController.xib */; };
		D883C55B2CCC18920064E51A /* ChannelViewController.swift in Sources */ = {isa = PBXBuildFile; fileRef = D883C5592CCC18920064E51A /* ChannelViewController.swift */; };
		D883C55C2CCC18920064E51A /* ChannelViewController.xib in Resources */ = {isa = PBXBuildFile; fileRef = D883C55A2CCC18920064E51A /* ChannelViewController.xib */; };
		D883C55F2CCC18A10064E51A /* AboutViewController.swift in Sources */ = {isa = PBXBuildFile; fileRef = D883C55D2CCC18A10064E51A /* AboutViewController.swift */; };
		D883C5602CCC18A10064E51A /* AboutViewController.xib in Resources */ = {isa = PBXBuildFile; fileRef = D883C55E2CCC18A10064E51A /* AboutViewController.xib */; };
		D885A8052CCB53050005BCCD /* PlaylistModel.swift in Sources */ = {isa = PBXBuildFile; fileRef = D885A8042CCB53050005BCCD /* PlaylistModel.swift */; };
		D886B76A2CF929C600DCD6E2 /* PlaylistsProvider.swift in Sources */ = {isa = PBXBuildFile; fileRef = D886B7692CF929C600DCD6E2 /* PlaylistsProvider.swift */; };
		D886B76C2CF92A0C00DCD6E2 /* PlaylistsPresenter.swift in Sources */ = {isa = PBXBuildFile; fileRef = D886B76B2CF92A0C00DCD6E2 /* PlaylistsPresenter.swift */; };
		D8F696602CE57D3100454076 /* Utils.swift in Sources */ = {isa = PBXBuildFile; fileRef = D8F6965F2CE57D3100454076 /* Utils.swift */; };
		D8F696712CE65F7800454076 /* ChannelCell.swift in Sources */ = {isa = PBXBuildFile; fileRef = D8F6966F2CE65F7800454076 /* ChannelCell.swift */; };
		D8F696722CE65F7800454076 /* ChannelCell.xib in Resources */ = {isa = PBXBuildFile; fileRef = D8F696702CE65F7800454076 /* ChannelCell.xib */; };
		D8F696752CE65F9300454076 /* VideoCell.swift in Sources */ = {isa = PBXBuildFile; fileRef = D8F696732CE65F9300454076 /* VideoCell.swift */; };
		D8F696762CE65F9300454076 /* VideoCell.xib in Resources */ = {isa = PBXBuildFile; fileRef = D8F696742CE65F9300454076 /* VideoCell.xib */; };
		D8F696792CE65FA700454076 /* PlaylistCell.swift in Sources */ = {isa = PBXBuildFile; fileRef = D8F696772CE65FA700454076 /* PlaylistCell.swift */; };
		D8F6967A2CE65FA700454076 /* PlaylistCell.xib in Resources */ = {isa = PBXBuildFile; fileRef = D8F696782CE65FA700454076 /* PlaylistCell.xib */; };
/* End PBXBuildFile section */

/* Begin PBXFileReference section */
		66E548E179A7DD6F2D7BAB72 /* Pods-YoutubeClone.debug.xcconfig */ = {isa = PBXFileReference; includeInIndex = 1; lastKnownFileType = text.xcconfig; name = "Pods-YoutubeClone.debug.xcconfig"; path = "Target Support Files/Pods-YoutubeClone/Pods-YoutubeClone.debug.xcconfig"; sourceTree = "<group>"; };
		72FFE81E8B5A0D7A0E9F61B1 /* Pods-YoutubeClone.release.xcconfig */ = {isa = PBXFileReference; includeInIndex = 1; lastKnownFileType = text.xcconfig; name = "Pods-YoutubeClone.release.xcconfig"; path = "Target Support Files/Pods-YoutubeClone/Pods-YoutubeClone.release.xcconfig"; sourceTree = "<group>"; };
		89737994FED21A2974E0026B /* Pods_YoutubeClone.framework */ = {isa = PBXFileReference; explicitFileType = wrapper.framework; includeInIndex = 0; path = Pods_YoutubeClone.framework; sourceTree = BUILT_PRODUCTS_DIR; };
		D85322572CCAE71700948900 /* YoutubeClone.app */ = {isa = PBXFileReference; explicitFileType = wrapper.application; includeInIndex = 0; path = YoutubeClone.app; sourceTree = BUILT_PRODUCTS_DIR; };
		D853225A2CCAE71700948900 /* AppDelegate.swift */ = {isa = PBXFileReference; lastKnownFileType = sourcecode.swift; path = AppDelegate.swift; sourceTree = "<group>"; };
		D853225C2CCAE71700948900 /* SceneDelegate.swift */ = {isa = PBXFileReference; lastKnownFileType = sourcecode.swift; path = SceneDelegate.swift; sourceTree = "<group>"; };
		D853225E2CCAE71700948900 /* ViewController.swift */ = {isa = PBXFileReference; lastKnownFileType = sourcecode.swift; path = ViewController.swift; sourceTree = "<group>"; };
		D85322612CCAE71700948900 /* Base */ = {isa = PBXFileReference; lastKnownFileType = file.storyboard; name = Base; path = Base.lproj/Main.storyboard; sourceTree = "<group>"; };
		D85322632CCAE71700948900 /* Assets.xcassets */ = {isa = PBXFileReference; lastKnownFileType = folder.assetcatalog; path = Assets.xcassets; sourceTree = "<group>"; };
		D85322662CCAE71700948900 /* Base */ = {isa = PBXFileReference; lastKnownFileType = file.storyboard; name = Base; path = Base.lproj/LaunchScreen.storyboard; sourceTree = "<group>"; };
		D85322682CCAE71700948900 /* Info.plist */ = {isa = PBXFileReference; lastKnownFileType = text.plist.xml; path = Info.plist; sourceTree = "<group>"; };
		D86FBA942CCC657E00758FB5 /* ServiceLayer.swift */ = {isa = PBXFileReference; lastKnownFileType = sourcecode.swift; path = ServiceLayer.swift; sourceTree = "<group>"; };
		D86FBA962CCC659300758FB5 /* NetworkError.swift */ = {isa = PBXFileReference; lastKnownFileType = sourcecode.swift; path = NetworkError.swift; sourceTree = "<group>"; };
		D86FBA982CCC65AD00758FB5 /* RequestModel.swift */ = {isa = PBXFileReference; lastKnownFileType = sourcecode.swift; path = RequestModel.swift; sourceTree = "<group>"; };
		D86FBA9B2CCC6EDC00758FB5 /* Constants.swift */ = {isa = PBXFileReference; lastKnownFileType = sourcecode.swift; path = Constants.swift; sourceTree = "<group>"; };
		D86FBAA12CCC78E100758FB5 /* HomeProvider.swift */ = {isa = PBXFileReference; lastKnownFileType = sourcecode.swift; path = HomeProvider.swift; sourceTree = "<group>"; };
		D86FBAA32CCC849400758FB5 /* HomePresenter.swift */ = {isa = PBXFileReference; lastKnownFileType = sourcecode.swift; path = HomePresenter.swift; sourceTree = "<group>"; };
		D87F5F072CF129C600C48A1F /* SectionTitleView.swift */ = {isa = PBXFileReference; lastKnownFileType = sourcecode.swift; path = SectionTitleView.swift; sourceTree = "<group>"; };
		D87F5F0A2CF14BA200C48A1F /* BottomSheetViewController.swift */ = {isa = PBXFileReference; lastKnownFileType = sourcecode.swift; path = BottomSheetViewController.swift; sourceTree = "<group>"; };
		D87F5F0B2CF14BA200C48A1F /* BottomSheetViewController.xib */ = {isa = PBXFileReference; lastKnownFileType = file.xib; path = BottomSheetViewController.xib; sourceTree = "<group>"; };
		D88012132CF6C89E0028B8C0 /* VideosProvider.swift */ = {isa = PBXFileReference; lastKnownFileType = sourcecode.swift; path = VideosProvider.swift; sourceTree = "<group>"; };
		D88012152CF6C8AC0028B8C0 /* VideosPresenter.swift */ = {isa = PBXFileReference; lastKnownFileType = sourcecode.swift; path = VideosPresenter.swift; sourceTree = "<group>"; };
		D883C53D2CCBE4ED0064E51A /* VideoModel.swift */ = {isa = PBXFileReference; lastKnownFileType = sourcecode.swift; path = VideoModel.swift; sourceTree = "<group>"; };
		D883C53F2CCBFEF90064E51A /* ChannelModel.swift */ = {isa = PBXFileReference; lastKnownFileType = sourcecode.swift; path = ChannelModel.swift; sourceTree = "<group>"; };
		D883C5412CCBFF7C0064E51A /* PlaylistItemModel.swift */ = {isa = PBXFileReference; lastKnownFileType = sourcecode.swift; path = PlaylistItemModel.swift; sourceTree = "<group>"; };
		D883C5442CCC04220064E51A /* RootPageViewController.swift */ = {isa = PBXFileReference; lastKnownFileType = sourcecode.swift; path = RootPageViewController.swift; sourceTree = "<group>"; };
		D883C5462CCC04420064E51A /* MainViewController.swift */ = {isa = PBXFileReference; lastKnownFileType = sourcecode.swift; path = MainViewController.swift; sourceTree = "<group>"; };
		D883C54D2CCC09710064E51A /* HomeViewController.swift */ = {isa = PBXFileReference; lastKnownFileType = sourcecode.swift; path = HomeViewController.swift; sourceTree = "<group>"; };
		D883C54E2CCC09710064E51A /* HomeViewController.xib */ = {isa = PBXFileReference; lastKnownFileType = file.xib; path = HomeViewController.xib; sourceTree = "<group>"; };
		D883C5512CCC18540064E51A /* VideosViewController.swift */ = {isa = PBXFileReference; lastKnownFileType = sourcecode.swift; path = VideosViewController.swift; sourceTree = "<group>"; };
		D883C5522CCC18540064E51A /* VideosViewController.xib */ = {isa = PBXFileReference; lastKnownFileType = file.xib; path = VideosViewController.xib; sourceTree = "<group>"; };
		D883C5552CCC18670064E51A /* PlaylistsViewController.swift */ = {isa = PBXFileReference; lastKnownFileType = sourcecode.swift; path = PlaylistsViewController.swift; sourceTree = "<group>"; };
		D883C5562CCC18670064E51A /* PlaylistsViewController.xib */ = {isa = PBXFileReference; lastKnownFileType = file.xib; path = PlaylistsViewController.xib; sourceTree = "<group>"; };
		D883C5592CCC18920064E51A /* ChannelViewController.swift */ = {isa = PBXFileReference; lastKnownFileType = sourcecode.swift; path = ChannelViewController.swift; sourceTree = "<group>"; };
		D883C55A2CCC18920064E51A /* ChannelViewController.xib */ = {isa = PBXFileReference; lastKnownFileType = file.xib; path = ChannelViewController.xib; sourceTree = "<group>"; };
		D883C55D2CCC18A10064E51A /* AboutViewController.swift */ = {isa = PBXFileReference; lastKnownFileType = sourcecode.swift; path = AboutViewController.swift; sourceTree = "<group>"; };
		D883C55E2CCC18A10064E51A /* AboutViewController.xib */ = {isa = PBXFileReference; lastKnownFileType = file.xib; path = AboutViewController.xib; sourceTree = "<group>"; };
		D885A8042CCB53050005BCCD /* PlaylistModel.swift */ = {isa = PBXFileReference; lastKnownFileType = sourcecode.swift; path = PlaylistModel.swift; sourceTree = "<group>"; };
		D886B7692CF929C600DCD6E2 /* PlaylistsProvider.swift */ = {isa = PBXFileReference; lastKnownFileType = sourcecode.swift; path = PlaylistsProvider.swift; sourceTree = "<group>"; };
		D886B76B2CF92A0C00DCD6E2 /* PlaylistsPresenter.swift */ = {isa = PBXFileReference; lastKnownFileType = sourcecode.swift; path = PlaylistsPresenter.swift; sourceTree = "<group>"; };
		D8F6965F2CE57D3100454076 /* Utils.swift */ = {isa = PBXFileReference; lastKnownFileType = sourcecode.swift; path = Utils.swift; sourceTree = "<group>"; };
		D8F6966F2CE65F7800454076 /* ChannelCell.swift */ = {isa = PBXFileReference; lastKnownFileType = sourcecode.swift; path = ChannelCell.swift; sourceTree = "<group>"; };
		D8F696702CE65F7800454076 /* ChannelCell.xib */ = {isa = PBXFileReference; lastKnownFileType = file.xib; path = ChannelCell.xib; sourceTree = "<group>"; };
		D8F696732CE65F9300454076 /* VideoCell.swift */ = {isa = PBXFileReference; lastKnownFileType = sourcecode.swift; path = VideoCell.swift; sourceTree = "<group>"; };
		D8F696742CE65F9300454076 /* VideoCell.xib */ = {isa = PBXFileReference; lastKnownFileType = file.xib; path = VideoCell.xib; sourceTree = "<group>"; };
		D8F696772CE65FA700454076 /* PlaylistCell.swift */ = {isa = PBXFileReference; lastKnownFileType = sourcecode.swift; path = PlaylistCell.swift; sourceTree = "<group>"; };
		D8F696782CE65FA700454076 /* PlaylistCell.xib */ = {isa = PBXFileReference; lastKnownFileType = file.xib; path = PlaylistCell.xib; sourceTree = "<group>"; };
/* End PBXFileReference section */

/* Begin PBXFrameworksBuildPhase section */
		D85322542CCAE71700948900 /* Frameworks */ = {
			isa = PBXFrameworksBuildPhase;
			buildActionMask = 2147483647;
			files = (
				86FA321FC5984E57C91EFAB7 /* Pods_YoutubeClone.framework in Frameworks */,
			);
			runOnlyForDeploymentPostprocessing = 0;
		};
/* End PBXFrameworksBuildPhase section */

/* Begin PBXGroup section */
		400CBDECF72E788F5A9472CA /* Pods */ = {
			isa = PBXGroup;
			children = (
				66E548E179A7DD6F2D7BAB72 /* Pods-YoutubeClone.debug.xcconfig */,
				72FFE81E8B5A0D7A0E9F61B1 /* Pods-YoutubeClone.release.xcconfig */,
			);
			path = Pods;
			sourceTree = "<group>";
		};
		90C9D82141C7B766357152B6 /* Frameworks */ = {
			isa = PBXGroup;
			children = (
				89737994FED21A2974E0026B /* Pods_YoutubeClone.framework */,
			);
			name = Frameworks;
			sourceTree = "<group>";
		};
		D853224E2CCAE71700948900 = {
			isa = PBXGroup;
			children = (
				D85322592CCAE71700948900 /* YoutubeClone */,
				D85322582CCAE71700948900 /* Products */,
				400CBDECF72E788F5A9472CA /* Pods */,
				90C9D82141C7B766357152B6 /* Frameworks */,
			);
			sourceTree = "<group>";
		};
		D85322582CCAE71700948900 /* Products */ = {
			isa = PBXGroup;
			children = (
				D85322572CCAE71700948900 /* YoutubeClone.app */,
			);
			name = Products;
			sourceTree = "<group>";
		};
		D85322592CCAE71700948900 /* YoutubeClone */ = {
			isa = PBXGroup;
			children = (
				D86FBA9A2CCC6EC500758FB5 /* Utils */,
				D86FBA932CCC653E00758FB5 /* ServiceLayer */,
				D883C5482CCC07880064E51A /* Home */,
				D883C5492CCC079A0064E51A /* Videos */,
				D883C54A2CCC07A70064E51A /* Playlists */,
				D883C54B2CCC07C90064E51A /* Channel */,
				D883C54C2CCC07D20064E51A /* About */,
				D883C5432CCC03920064E51A /* Main */,
				D885A8032CCB51B90005BCCD /* Model */,
				D853225A2CCAE71700948900 /* AppDelegate.swift */,
				D853225C2CCAE71700948900 /* SceneDelegate.swift */,
				D853225E2CCAE71700948900 /* ViewController.swift */,
				D85322602CCAE71700948900 /* Main.storyboard */,
				D85322632CCAE71700948900 /* Assets.xcassets */,
				D85322652CCAE71700948900 /* LaunchScreen.storyboard */,
				D85322682CCAE71700948900 /* Info.plist */,
			);
			path = YoutubeClone;
			sourceTree = "<group>";
		};
		D86FBA932CCC653E00758FB5 /* ServiceLayer */ = {
			isa = PBXGroup;
			children = (
				D86FBA942CCC657E00758FB5 /* ServiceLayer.swift */,
				D86FBA962CCC659300758FB5 /* NetworkError.swift */,
				D86FBA982CCC65AD00758FB5 /* RequestModel.swift */,
			);
			path = ServiceLayer;
			sourceTree = "<group>";
		};
		D86FBA9A2CCC6EC500758FB5 /* Utils */ = {
			isa = PBXGroup;
			children = (
				D86FBA9B2CCC6EDC00758FB5 /* Constants.swift */,
				D8F6965F2CE57D3100454076 /* Utils.swift */,
			);
			path = Utils;
			sourceTree = "<group>";
		};
		D86FBA9D2CCC786B00758FB5 /* Model */ = {
			isa = PBXGroup;
			children = (
				D86FBAA02CCC78BB00758FB5 /* Provider */,
			);
			path = Model;
			sourceTree = "<group>";
		};
		D86FBA9E2CCC788100758FB5 /* View */ = {
			isa = PBXGroup;
			children = (
				D87F5F092CF14B5D00C48A1F /* BottomSheet */,
				D8F6966E2CE65F1700454076 /* CustomCell */,
				D883C54D2CCC09710064E51A /* HomeViewController.swift */,
				D883C54E2CCC09710064E51A /* HomeViewController.xib */,
			);
			path = View;
			sourceTree = "<group>";
		};
		D86FBA9F2CCC788F00758FB5 /* Presenter */ = {
			isa = PBXGroup;
			children = (
				D86FBAA32CCC849400758FB5 /* HomePresenter.swift */,
			);
			path = Presenter;
			sourceTree = "<group>";
		};
		D86FBAA02CCC78BB00758FB5 /* Provider */ = {
			isa = PBXGroup;
			children = (
				D86FBAA12CCC78E100758FB5 /* HomeProvider.swift */,
			);
			path = Provider;
			sourceTree = "<group>";
		};
		D87F5F092CF14B5D00C48A1F /* BottomSheet */ = {
			isa = PBXGroup;
			children = (
				D87F5F0A2CF14BA200C48A1F /* BottomSheetViewController.swift */,
				D87F5F0B2CF14BA200C48A1F /* BottomSheetViewController.xib */,
			);
			path = BottomSheet;
			sourceTree = "<group>";
		};
		D880120F2CF6C8300028B8C0 /* Presenter */ = {
			isa = PBXGroup;
			children = (
				D88012152CF6C8AC0028B8C0 /* VideosPresenter.swift */,
			);
			path = Presenter;
			sourceTree = "<group>";
		};
		D88012112CF6C8530028B8C0 /* Model */ = {
			isa = PBXGroup;
			children = (
				D88012122CF6C85F0028B8C0 /* Provider */,
			);
			path = Model;
			sourceTree = "<group>";
		};
		D88012122CF6C85F0028B8C0 /* Provider */ = {
			isa = PBXGroup;
			children = (
				D88012132CF6C89E0028B8C0 /* VideosProvider.swift */,
			);
			path = Provider;
			sourceTree = "<group>";
		};
		D883C5432CCC03920064E51A /* Main */ = {
			isa = PBXGroup;
			children = (
				D883C5442CCC04220064E51A /* RootPageViewController.swift */,
				D883C5462CCC04420064E51A /* MainViewController.swift */,
			);
			path = Main;
			sourceTree = "<group>";
		};
		D883C5482CCC07880064E51A /* Home */ = {
			isa = PBXGroup;
			children = (
				D86FBA9D2CCC786B00758FB5 /* Model */,
				D86FBA9E2CCC788100758FB5 /* View */,
				D86FBA9F2CCC788F00758FB5 /* Presenter */,
			);
			path = Home;
			sourceTree = "<group>";
		};
		D883C5492CCC079A0064E51A /* Videos */ = {
			isa = PBXGroup;
			children = (
				D88012112CF6C8530028B8C0 /* Model */,
				D880120F2CF6C8300028B8C0 /* Presenter */,
				D883C5512CCC18540064E51A /* VideosViewController.swift */,
				D883C5522CCC18540064E51A /* VideosViewController.xib */,
			);
			path = Videos;
			sourceTree = "<group>";
		};
		D883C54A2CCC07A70064E51A /* Playlists */ = {
			isa = PBXGroup;
			children = (
				D886B7662CF9297500DCD6E2 /* Model */,
				D886B7672CF9298300DCD6E2 /* Presenter */,
				D883C5552CCC18670064E51A /* PlaylistsViewController.swift */,
				D883C5562CCC18670064E51A /* PlaylistsViewController.xib */,
			);
			path = Playlists;
			sourceTree = "<group>";
		};
		D883C54B2CCC07C90064E51A /* Channel */ = {
			isa = PBXGroup;
			children = (
				D883C5592CCC18920064E51A /* ChannelViewController.swift */,
				D883C55A2CCC18920064E51A /* ChannelViewController.xib */,
			);
			path = Channel;
			sourceTree = "<group>";
		};
		D883C54C2CCC07D20064E51A /* About */ = {
			isa = PBXGroup;
			children = (
				D883C55D2CCC18A10064E51A /* AboutViewController.swift */,
				D883C55E2CCC18A10064E51A /* AboutViewController.xib */,
			);
			path = About;
			sourceTree = "<group>";
		};
		D885A8032CCB51B90005BCCD /* Model */ = {
			isa = PBXGroup;
			children = (
				D885A8042CCB53050005BCCD /* PlaylistModel.swift */,
				D883C53D2CCBE4ED0064E51A /* VideoModel.swift */,
				D883C53F2CCBFEF90064E51A /* ChannelModel.swift */,
				D883C5412CCBFF7C0064E51A /* PlaylistItemModel.swift */,
			);
			path = Model;
			sourceTree = "<group>";
		};
		D886B7662CF9297500DCD6E2 /* Model */ = {
			isa = PBXGroup;
			children = (
				D886B7682CF9299B00DCD6E2 /* Provider */,
			);
			path = Model;
			sourceTree = "<group>";
		};
		D886B7672CF9298300DCD6E2 /* Presenter */ = {
			isa = PBXGroup;
			children = (
				D886B76B2CF92A0C00DCD6E2 /* PlaylistsPresenter.swift */,
			);
			path = Presenter;
			sourceTree = "<group>";
		};
		D886B7682CF9299B00DCD6E2 /* Provider */ = {
			isa = PBXGroup;
			children = (
				D886B7692CF929C600DCD6E2 /* PlaylistsProvider.swift */,
			);
			path = Provider;
			sourceTree = "<group>";
		};
		D8F6966E2CE65F1700454076 /* CustomCell */ = {
			isa = PBXGroup;
			children = (
				D8F6966F2CE65F7800454076 /* ChannelCell.swift */,
				D8F696702CE65F7800454076 /* ChannelCell.xib */,
				D8F696732CE65F9300454076 /* VideoCell.swift */,
				D8F696742CE65F9300454076 /* VideoCell.xib */,
				D8F696772CE65FA700454076 /* PlaylistCell.swift */,
				D8F696782CE65FA700454076 /* PlaylistCell.xib */,
				D87F5F072CF129C600C48A1F /* SectionTitleView.swift */,
			);
			path = CustomCell;
			sourceTree = "<group>";
		};
/* End PBXGroup section */

/* Begin PBXNativeTarget section */
		D85322562CCAE71700948900 /* YoutubeClone */ = {
			isa = PBXNativeTarget;
			buildConfigurationList = D853226B2CCAE71700948900 /* Build configuration list for PBXNativeTarget "YoutubeClone" */;
			buildPhases = (
				24E5A1C44BEA2BC078279576 /* [CP] Check Pods Manifest.lock */,
				D85322532CCAE71700948900 /* Sources */,
				D85322542CCAE71700948900 /* Frameworks */,
				D85322552CCAE71700948900 /* Resources */,
				DCACC8E3537ADC2A5B47716D /* [CP] Embed Pods Frameworks */,
			);
			buildRules = (
			);
			dependencies = (
			);
			name = YoutubeClone;
			productName = YoutubeClone;
			productReference = D85322572CCAE71700948900 /* YoutubeClone.app */;
			productType = "com.apple.product-type.application";
		};
/* End PBXNativeTarget section */

/* Begin PBXProject section */
		D853224F2CCAE71700948900 /* Project object */ = {
			isa = PBXProject;
			attributes = {
				BuildIndependentTargetsInParallel = 1;
				LastSwiftUpdateCheck = 1410;
				LastUpgradeCheck = 1410;
				TargetAttributes = {
					D85322562CCAE71700948900 = {
						CreatedOnToolsVersion = 14.1;
					};
				};
			};
			buildConfigurationList = D85322522CCAE71700948900 /* Build configuration list for PBXProject "YoutubeClone" */;
			compatibilityVersion = "Xcode 14.0";
			developmentRegion = en;
			hasScannedForEncodings = 0;
			knownRegions = (
				en,
				Base,
			);
			mainGroup = D853224E2CCAE71700948900;
			productRefGroup = D85322582CCAE71700948900 /* Products */;
			projectDirPath = "";
			projectRoot = "";
			targets = (
				D85322562CCAE71700948900 /* YoutubeClone */,
			);
		};
/* End PBXProject section */

/* Begin PBXResourcesBuildPhase section */
		D85322552CCAE71700948900 /* Resources */ = {
			isa = PBXResourcesBuildPhase;
			buildActionMask = 2147483647;
			files = (
				D883C5582CCC18670064E51A /* PlaylistsViewController.xib in Resources */,
				D85322672CCAE71700948900 /* LaunchScreen.storyboard in Resources */,
				D8F6967A2CE65FA700454076 /* PlaylistCell.xib in Resources */,
				D8F696722CE65F7800454076 /* ChannelCell.xib in Resources */,
				D883C5602CCC18A10064E51A /* AboutViewController.xib in Resources */,
				D85322642CCAE71700948900 /* Assets.xcassets in Resources */,
				D8F696762CE65F9300454076 /* VideoCell.xib in Resources */,
				D883C5542CCC18540064E51A /* VideosViewController.xib in Resources */,
				D85322622CCAE71700948900 /* Main.storyboard in Resources */,
				D883C5502CCC09710064E51A /* HomeViewController.xib in Resources */,
				D883C55C2CCC18920064E51A /* ChannelViewController.xib in Resources */,
				D87F5F0D2CF14BA200C48A1F /* BottomSheetViewController.xib in Resources */,
			);
			runOnlyForDeploymentPostprocessing = 0;
		};
/* End PBXResourcesBuildPhase section */

/* Begin PBXShellScriptBuildPhase section */
		24E5A1C44BEA2BC078279576 /* [CP] Check Pods Manifest.lock */ = {
			isa = PBXShellScriptBuildPhase;
			buildActionMask = 2147483647;
			files = (
			);
			inputFileListPaths = (
			);
			inputPaths = (
				"${PODS_PODFILE_DIR_PATH}/Podfile.lock",
				"${PODS_ROOT}/Manifest.lock",
			);
			name = "[CP] Check Pods Manifest.lock";
			outputFileListPaths = (
			);
			outputPaths = (
				"$(DERIVED_FILE_DIR)/Pods-YoutubeClone-checkManifestLockResult.txt",
			);
			runOnlyForDeploymentPostprocessing = 0;
			shellPath = /bin/sh;
			shellScript = "diff \"${PODS_PODFILE_DIR_PATH}/Podfile.lock\" \"${PODS_ROOT}/Manifest.lock\" > /dev/null\nif [ $? != 0 ] ; then\n    # print error to STDERR\n    echo \"error: The sandbox is not in sync with the Podfile.lock. Run 'pod install' or update your CocoaPods installation.\" >&2\n    exit 1\nfi\n# This output is used by Xcode 'outputs' to avoid re-running this script phase.\necho \"SUCCESS\" > \"${SCRIPT_OUTPUT_FILE_0}\"\n";
			showEnvVarsInLog = 0;
		};
		DCACC8E3537ADC2A5B47716D /* [CP] Embed Pods Frameworks */ = {
			isa = PBXShellScriptBuildPhase;
			buildActionMask = 2147483647;
			files = (
			);
			inputFileListPaths = (
				"${PODS_ROOT}/Target Support Files/Pods-YoutubeClone/Pods-YoutubeClone-frameworks-${CONFIGURATION}-input-files.xcfilelist",
			);
			name = "[CP] Embed Pods Frameworks";
			outputFileListPaths = (
				"${PODS_ROOT}/Target Support Files/Pods-YoutubeClone/Pods-YoutubeClone-frameworks-${CONFIGURATION}-output-files.xcfilelist",
			);
			runOnlyForDeploymentPostprocessing = 0;
			shellPath = /bin/sh;
			shellScript = "\"${PODS_ROOT}/Target Support Files/Pods-YoutubeClone/Pods-YoutubeClone-frameworks.sh\"\n";
			showEnvVarsInLog = 0;
		};
/* End PBXShellScriptBuildPhase section */

/* Begin PBXSourcesBuildPhase section */
		D85322532CCAE71700948900 /* Sources */ = {
			isa = PBXSourcesBuildPhase;
			buildActionMask = 2147483647;
			files = (
				D853225F2CCAE71700948900 /* ViewController.swift in Sources */,
				D86FBA972CCC659300758FB5 /* NetworkError.swift in Sources */,
				D883C5402CCBFEF90064E51A /* ChannelModel.swift in Sources */,
				D8F696712CE65F7800454076 /* ChannelCell.swift in Sources */,
				D86FBAA42CCC849400758FB5 /* HomePresenter.swift in Sources */,
				D88012142CF6C89E0028B8C0 /* VideosProvider.swift in Sources */,
				D883C5532CCC18540064E51A /* VideosViewController.swift in Sources */,
				D885A8052CCB53050005BCCD /* PlaylistModel.swift in Sources */,
				D8F696602CE57D3100454076 /* Utils.swift in Sources */,
				D883C5572CCC18670064E51A /* PlaylistsViewController.swift in Sources */,
				D88012162CF6C8AC0028B8C0 /* VideosPresenter.swift in Sources */,
				D86FBA992CCC65AD00758FB5 /* RequestModel.swift in Sources */,
				D883C55B2CCC18920064E51A /* ChannelViewController.swift in Sources */,
				D853225B2CCAE71700948900 /* AppDelegate.swift in Sources */,
				D883C53E2CCBE4ED0064E51A /* VideoModel.swift in Sources */,
				D8F696752CE65F9300454076 /* VideoCell.swift in Sources */,
				D883C54F2CCC09710064E51A /* HomeViewController.swift in Sources */,
				D86FBAA22CCC78E100758FB5 /* HomeProvider.swift in Sources */,
				D853225D2CCAE71700948900 /* SceneDelegate.swift in Sources */,
				D86FBA952CCC657E00758FB5 /* ServiceLayer.swift in Sources */,
				D886B76A2CF929C600DCD6E2 /* PlaylistsProvider.swift in Sources */,
				D87F5F082CF129C600C48A1F /* SectionTitleView.swift in Sources */,
				D883C55F2CCC18A10064E51A /* AboutViewController.swift in Sources */,
				D883C5472CCC04420064E51A /* MainViewController.swift in Sources */,
				D883C5422CCBFF7C0064E51A /* PlaylistItemModel.swift in Sources */,
				D883C5452CCC04220064E51A /* RootPageViewController.swift in Sources */,
				D86FBA9C2CCC6EDC00758FB5 /* Constants.swift in Sources */,
				D8F696792CE65FA700454076 /* PlaylistCell.swift in Sources */,
				D886B76C2CF92A0C00DCD6E2 /* PlaylistsPresenter.swift in Sources */,
				D87F5F0C2CF14BA200C48A1F /* BottomSheetViewController.swift in Sources */,
			);
			runOnlyForDeploymentPostprocessing = 0;
		};
/* End PBXSourcesBuildPhase section */

/* Begin PBXVariantGroup section */
		D85322602CCAE71700948900 /* Main.storyboard */ = {
			isa = PBXVariantGroup;
			children = (
				D85322612CCAE71700948900 /* Base */,
			);
			name = Main.storyboard;
			sourceTree = "<group>";
		};
		D85322652CCAE71700948900 /* LaunchScreen.storyboard */ = {
			isa = PBXVariantGroup;
			children = (
				D85322662CCAE71700948900 /* Base */,
			);
			name = LaunchScreen.storyboard;
			sourceTree = "<group>";
		};
/* End PBXVariantGroup section */

/* Begin XCBuildConfiguration section */
		D85322692CCAE71700948900 /* Debug */ = {
			isa = XCBuildConfiguration;
			buildSettings = {
				ALWAYS_SEARCH_USER_PATHS = NO;
				CLANG_ANALYZER_NONNULL = YES;
				CLANG_ANALYZER_NUMBER_OBJECT_CONVERSION = YES_AGGRESSIVE;
				CLANG_CXX_LANGUAGE_STANDARD = "gnu++20";
				CLANG_ENABLE_MODULES = YES;
				CLANG_ENABLE_OBJC_ARC = YES;
				CLANG_ENABLE_OBJC_WEAK = YES;
				CLANG_WARN_BLOCK_CAPTURE_AUTORELEASING = YES;
				CLANG_WARN_BOOL_CONVERSION = YES;
				CLANG_WARN_COMMA = YES;
				CLANG_WARN_CONSTANT_CONVERSION = YES;
				CLANG_WARN_DEPRECATED_OBJC_IMPLEMENTATIONS = YES;
				CLANG_WARN_DIRECT_OBJC_ISA_USAGE = YES_ERROR;
				CLANG_WARN_DOCUMENTATION_COMMENTS = YES;
				CLANG_WARN_EMPTY_BODY = YES;
				CLANG_WARN_ENUM_CONVERSION = YES;
				CLANG_WARN_INFINITE_RECURSION = YES;
				CLANG_WARN_INT_CONVERSION = YES;
				CLANG_WARN_NON_LITERAL_NULL_CONVERSION = YES;
				CLANG_WARN_OBJC_IMPLICIT_RETAIN_SELF = YES;
				CLANG_WARN_OBJC_LITERAL_CONVERSION = YES;
				CLANG_WARN_OBJC_ROOT_CLASS = YES_ERROR;
				CLANG_WARN_QUOTED_INCLUDE_IN_FRAMEWORK_HEADER = YES;
				CLANG_WARN_RANGE_LOOP_ANALYSIS = YES;
				CLANG_WARN_STRICT_PROTOTYPES = YES;
				CLANG_WARN_SUSPICIOUS_MOVE = YES;
				CLANG_WARN_UNGUARDED_AVAILABILITY = YES_AGGRESSIVE;
				CLANG_WARN_UNREACHABLE_CODE = YES;
				CLANG_WARN__DUPLICATE_METHOD_MATCH = YES;
				COPY_PHASE_STRIP = NO;
				DEBUG_INFORMATION_FORMAT = dwarf;
				ENABLE_STRICT_OBJC_MSGSEND = YES;
				ENABLE_TESTABILITY = YES;
				GCC_C_LANGUAGE_STANDARD = gnu11;
				GCC_DYNAMIC_NO_PIC = NO;
				GCC_NO_COMMON_BLOCKS = YES;
				GCC_OPTIMIZATION_LEVEL = 0;
				GCC_PREPROCESSOR_DEFINITIONS = (
					"DEBUG=1",
					"$(inherited)",
				);
				GCC_WARN_64_TO_32_BIT_CONVERSION = YES;
				GCC_WARN_ABOUT_RETURN_TYPE = YES_ERROR;
				GCC_WARN_UNDECLARED_SELECTOR = YES;
				GCC_WARN_UNINITIALIZED_AUTOS = YES_AGGRESSIVE;
				GCC_WARN_UNUSED_FUNCTION = YES;
				GCC_WARN_UNUSED_VARIABLE = YES;
				IPHONEOS_DEPLOYMENT_TARGET = 16.1;
				MTL_ENABLE_DEBUG_INFO = INCLUDE_SOURCE;
				MTL_FAST_MATH = YES;
				ONLY_ACTIVE_ARCH = YES;
				SDKROOT = iphoneos;
				SWIFT_ACTIVE_COMPILATION_CONDITIONS = DEBUG;
				SWIFT_OPTIMIZATION_LEVEL = "-Onone";
			};
			name = Debug;
		};
		D853226A2CCAE71700948900 /* Release */ = {
			isa = XCBuildConfiguration;
			buildSettings = {
				ALWAYS_SEARCH_USER_PATHS = NO;
				CLANG_ANALYZER_NONNULL = YES;
				CLANG_ANALYZER_NUMBER_OBJECT_CONVERSION = YES_AGGRESSIVE;
				CLANG_CXX_LANGUAGE_STANDARD = "gnu++20";
				CLANG_ENABLE_MODULES = YES;
				CLANG_ENABLE_OBJC_ARC = YES;
				CLANG_ENABLE_OBJC_WEAK = YES;
				CLANG_WARN_BLOCK_CAPTURE_AUTORELEASING = YES;
				CLANG_WARN_BOOL_CONVERSION = YES;
				CLANG_WARN_COMMA = YES;
				CLANG_WARN_CONSTANT_CONVERSION = YES;
				CLANG_WARN_DEPRECATED_OBJC_IMPLEMENTATIONS = YES;
				CLANG_WARN_DIRECT_OBJC_ISA_USAGE = YES_ERROR;
				CLANG_WARN_DOCUMENTATION_COMMENTS = YES;
				CLANG_WARN_EMPTY_BODY = YES;
				CLANG_WARN_ENUM_CONVERSION = YES;
				CLANG_WARN_INFINITE_RECURSION = YES;
				CLANG_WARN_INT_CONVERSION = YES;
				CLANG_WARN_NON_LITERAL_NULL_CONVERSION = YES;
				CLANG_WARN_OBJC_IMPLICIT_RETAIN_SELF = YES;
				CLANG_WARN_OBJC_LITERAL_CONVERSION = YES;
				CLANG_WARN_OBJC_ROOT_CLASS = YES_ERROR;
				CLANG_WARN_QUOTED_INCLUDE_IN_FRAMEWORK_HEADER = YES;
				CLANG_WARN_RANGE_LOOP_ANALYSIS = YES;
				CLANG_WARN_STRICT_PROTOTYPES = YES;
				CLANG_WARN_SUSPICIOUS_MOVE = YES;
				CLANG_WARN_UNGUARDED_AVAILABILITY = YES_AGGRESSIVE;
				CLANG_WARN_UNREACHABLE_CODE = YES;
				CLANG_WARN__DUPLICATE_METHOD_MATCH = YES;
				COPY_PHASE_STRIP = NO;
				DEBUG_INFORMATION_FORMAT = "dwarf-with-dsym";
				ENABLE_NS_ASSERTIONS = NO;
				ENABLE_STRICT_OBJC_MSGSEND = YES;
				GCC_C_LANGUAGE_STANDARD = gnu11;
				GCC_NO_COMMON_BLOCKS = YES;
				GCC_WARN_64_TO_32_BIT_CONVERSION = YES;
				GCC_WARN_ABOUT_RETURN_TYPE = YES_ERROR;
				GCC_WARN_UNDECLARED_SELECTOR = YES;
				GCC_WARN_UNINITIALIZED_AUTOS = YES_AGGRESSIVE;
				GCC_WARN_UNUSED_FUNCTION = YES;
				GCC_WARN_UNUSED_VARIABLE = YES;
				IPHONEOS_DEPLOYMENT_TARGET = 16.1;
				MTL_ENABLE_DEBUG_INFO = NO;
				MTL_FAST_MATH = YES;
				SDKROOT = iphoneos;
				SWIFT_COMPILATION_MODE = wholemodule;
				SWIFT_OPTIMIZATION_LEVEL = "-O";
				VALIDATE_PRODUCT = YES;
			};
			name = Release;
		};
		D853226C2CCAE71700948900 /* Debug */ = {
			isa = XCBuildConfiguration;
			baseConfigurationReference = 66E548E179A7DD6F2D7BAB72 /* Pods-YoutubeClone.debug.xcconfig */;
			buildSettings = {
				ASSETCATALOG_COMPILER_APPICON_NAME = AppIcon;
				ASSETCATALOG_COMPILER_GLOBAL_ACCENT_COLOR_NAME = AccentColor;
				CODE_SIGN_STYLE = Automatic;
				CURRENT_PROJECT_VERSION = 1;
				DEVELOPMENT_TEAM = MPT44U32B4;
				GENERATE_INFOPLIST_FILE = YES;
				INFOPLIST_FILE = YoutubeClone/Info.plist;
				INFOPLIST_KEY_UIApplicationSupportsIndirectInputEvents = YES;
				INFOPLIST_KEY_UILaunchStoryboardName = LaunchScreen;
				INFOPLIST_KEY_UIMainStoryboardFile = Main;
				INFOPLIST_KEY_UIStatusBarStyle = "";
				INFOPLIST_KEY_UISupportedInterfaceOrientations_iPad = "UIInterfaceOrientationPortrait UIInterfaceOrientationPortraitUpsideDown UIInterfaceOrientationLandscapeLeft UIInterfaceOrientationLandscapeRight";
				INFOPLIST_KEY_UISupportedInterfaceOrientations_iPhone = "UIInterfaceOrientationPortrait UIInterfaceOrientationLandscapeLeft UIInterfaceOrientationLandscapeRight";
				LD_RUNPATH_SEARCH_PATHS = (
					"$(inherited)",
					"@executable_path/Frameworks",
				);
				MARKETING_VERSION = 1.0;
				PRODUCT_BUNDLE_IDENTIFIER = com.octopus.YoutubeClone;
				PRODUCT_NAME = "$(TARGET_NAME)";
				SWIFT_EMIT_LOC_STRINGS = YES;
				SWIFT_VERSION = 5.0;
				TARGETED_DEVICE_FAMILY = "1,2";
			};
			name = Debug;
		};
		D853226D2CCAE71700948900 /* Release */ = {
			isa = XCBuildConfiguration;
			baseConfigurationReference = 72FFE81E8B5A0D7A0E9F61B1 /* Pods-YoutubeClone.release.xcconfig */;
			buildSettings = {
				ASSETCATALOG_COMPILER_APPICON_NAME = AppIcon;
				ASSETCATALOG_COMPILER_GLOBAL_ACCENT_COLOR_NAME = AccentColor;
				CODE_SIGN_STYLE = Automatic;
				CURRENT_PROJECT_VERSION = 1;
				DEVELOPMENT_TEAM = MPT44U32B4;
				GENERATE_INFOPLIST_FILE = YES;
				INFOPLIST_FILE = YoutubeClone/Info.plist;
				INFOPLIST_KEY_UIApplicationSupportsIndirectInputEvents = YES;
				INFOPLIST_KEY_UILaunchStoryboardName = LaunchScreen;
				INFOPLIST_KEY_UIMainStoryboardFile = Main;
				INFOPLIST_KEY_UIStatusBarStyle = "";
				INFOPLIST_KEY_UISupportedInterfaceOrientations_iPad = "UIInterfaceOrientationPortrait UIInterfaceOrientationPortraitUpsideDown UIInterfaceOrientationLandscapeLeft UIInterfaceOrientationLandscapeRight";
				INFOPLIST_KEY_UISupportedInterfaceOrientations_iPhone = "UIInterfaceOrientationPortrait UIInterfaceOrientationLandscapeLeft UIInterfaceOrientationLandscapeRight";
				LD_RUNPATH_SEARCH_PATHS = (
					"$(inherited)",
					"@executable_path/Frameworks",
				);
				MARKETING_VERSION = 1.0;
				PRODUCT_BUNDLE_IDENTIFIER = com.octopus.YoutubeClone;
				PRODUCT_NAME = "$(TARGET_NAME)";
				SWIFT_EMIT_LOC_STRINGS = YES;
				SWIFT_VERSION = 5.0;
				TARGETED_DEVICE_FAMILY = "1,2";
			};
			name = Release;
		};
/* End XCBuildConfiguration section */

/* Begin XCConfigurationList section */
		D85322522CCAE71700948900 /* Build configuration list for PBXProject "YoutubeClone" */ = {
			isa = XCConfigurationList;
			buildConfigurations = (
				D85322692CCAE71700948900 /* Debug */,
				D853226A2CCAE71700948900 /* Release */,
			);
			defaultConfigurationIsVisible = 0;
			defaultConfigurationName = Release;
		};
		D853226B2CCAE71700948900 /* Build configuration list for PBXNativeTarget "YoutubeClone" */ = {
			isa = XCConfigurationList;
			buildConfigurations = (
				D853226C2CCAE71700948900 /* Debug */,
				D853226D2CCAE71700948900 /* Release */,
			);
			defaultConfigurationIsVisible = 0;
			defaultConfigurationName = Release;
		};
/* End XCConfigurationList section */
	};
	rootObject = D853224F2CCAE71700948900 /* Project object */;
}
